# THIS IS AN AUTOGENERATED FILE. DO NOT EDIT THIS FILE DIRECTLY.
# yarn lockfile v1


"@types/prismjs@^1.26.0":
  version "1.26.5"
  resolved "https://registry.yarnpkg.com/@types/prismjs/-/prismjs-1.26.5.tgz#72499abbb4c4ec9982446509d2f14fb8483869d6"
  integrity sha512-AUZTa7hQ2KY5L7AmtSiqxlhWxb4ina0yd8hNbl4TWuqnv/pFP0nDMb3YrfSBf4hJVGLh2YEIBfKaBW/9UEl6IQ==

clsx@^2.0.0:
  version "2.1.1"
  resolved "https://registry.yarnpkg.com/clsx/-/clsx-2.1.1.tgz#eed397c9fd8bd882bfb18deab7102049a2f32999"
  integrity sha512-eYm0QWBtUrBWZWG0d386OGAw16Z995PiOVo2B7bjWSbHedGl5e0ZWaq65kOGgUSNesEIDkB9ISbTg/JK9dhCZA==

prism-react-renderer@^2.4.1:
  version "2.4.1"
  resolved "https://registry.yarnpkg.com/prism-react-renderer/-/prism-react-renderer-2.4.1.tgz#ac63b7f78e56c8f2b5e76e823a976d5ede77e35f"
  integrity sha512-ey8Ls/+Di31eqzUxC46h8MksNuGx/n0AAC8uKpwFau4RPDYLuE3EXTp8N8G2vX2N7UC/+IXeNUnlWBGGcAG+Ig==
  dependencies:
    "@types/prismjs" "^1.26.0"
    clsx "^2.0.0"
